PODS:
  - Alamofire (5.4.2)
  - Common (0.0.1):
    - Differentiator
    - RxCocoa
    - RxDataSources
    - RxSwift
  - Constants (0.0.1)
  - DataManagers (0.0.1):
    - Models
    - Networking
    - RxSwift
  - Differentiator (4.0.1)
  - Extensions (0.0.2):
    - Common
    - RxCocoa
    - RxSwift
  - Models (0.0.1):
    - Extensions
  - Moya (14.0.0):
    - Moya/Core (= 14.0.0)
  - Moya/Core (14.0.0):
    - Alamofire (~> 5.0)
  - Moya/RxSwift (14.0.0):
    - Moya/Core
    - RxSwift (~> 5.0)
  - Networking (0.0.1):
    - Constants
    - Models
    - Moya
    - Moya/RxSwift
    - RxSwift
    - Swinject
  - PokemonsListScene (0.0.1):
    - Common
    - Extensions
    - Routing
    - RxDataSources
    - RxSwift
    - RxViewController
    - SnapKit
    - UseCases
  - Routing (0.0.1):
    - Constants
  - RxCocoa (5.1.1):
    - RxRelay (~> 5)
    - RxSwift (~> 5)
  - RxDataSources (4.0.1):
    - Differentiator (~> 4.0)
    - RxCocoa (~> 5.0)
    - RxSwift (~> 5.0)
  - RxFeedback (3.0.0):
    - RxCocoa (~> 5.0)
    - RxSwift (~> 5.0)
  - RxRelay (5.1.1):
    - RxSwift (~> 5)
  - RxSwift (5.1.2)
  - RxSwiftExt (5.2.0):
    - RxSwiftExt/Core (= 5.2.0)
    - RxSwiftExt/RxCocoa (= 5.2.0)
  - RxSwiftExt/Core (5.2.0):
    - RxSwift (~> 5.0)
  - RxSwiftExt/RxCocoa (5.2.0):
    - RxCocoa (~> 5.0)
    - RxSwiftExt/Core
  - RxViewController (1.0.0):
    - RxCocoa (~> 5.0)
    - RxSwift (~> 5.0)
  - ScenesCoordinator (0.0.1):
    - PokemonsListScene
    - Routing
  - Services (0.0.1):
    - DataManagers
    - Extensions
    - Models
    - RxSwift
  - SnapKit (5.0.1)
  - Swinject (2.7.1)
  - UseCases (0.0.1):
    - Models
    - RxSwift
    - Services

DEPENDENCIES:
  - Common (from `./Modules/Common`)
  - Constants (from `./Modules/Constants`)
  - DataManagers (from `./Modules/DataManagers`)
  - Extensions (from `./Modules/Extensions`)
  - Models (from `./Modules/Models`)
  - Moya
  - Moya/RxSwift
  - Networking (from `./Modules/Networking`)
  - PokemonsListScene (from `./Modules/PokemonsListScene`)
  - Routing (from `./Modules/Routing`)
  - RxCocoa
  - RxDataSources
  - RxFeedback
  - RxSwift
  - RxSwiftExt
  - RxViewController
  - ScenesCoordinator (from `./Modules/ScenesCoordinator`)
  - Services (from `./Modules/Services`)
  - SnapKit
  - Swinject
  - UseCases (from `./Modules/UseCases`)

SPEC REPOS:
  trunk:
    - Alamofire
    - Differentiator
    - Moya
    - RxCocoa
    - RxDataSources
    - RxFeedback
    - RxRelay
    - RxSwift
    - RxSwiftExt
    - RxViewController
    - SnapKit
    - Swinject

EXTERNAL SOURCES:
  Common:
    :path: "./Modules/Common"
  Constants:
    :path: "./Modules/Constants"
  DataManagers:
    :path: "./Modules/DataManagers"
  Extensions:
    :path: "./Modules/Extensions"
  Models:
    :path: "./Modules/Models"
  Networking:
    :path: "./Modules/Networking"
  PokemonsListScene:
    :path: "./Modules/PokemonsListScene"
  Routing:
    :path: "./Modules/Routing"
  ScenesCoordinator:
    :path: "./Modules/ScenesCoordinator"
  Services:
    :path: "./Modules/Services"
  UseCases:
    :path: "./Modules/UseCases"

SPEC CHECKSUMS:
  Alamofire: bfbc4c2fe5909b1d94fb4ef2277c6b3727ef5dae
  Common: 8e1b83adc7d0fa1b15ed54121c833b74470017bd
  Constants: 05411257124c1ede0b4efa46f81b9c535aeaf664
  DataManagers: 180903c68fc9dbf3244bc48a3128a6a93c3c77c0
  Differentiator: 886080237d9f87f322641dedbc5be257061b0602
  Extensions: 644e121b4afe36bcc2e4d94a2764a2e49e4023c5
  Models: df594e345da28221e8938aed017b9fcb89171011
  Moya: 5b45dacb75adb009f97fde91c204c1e565d31916
  Networking: 39a04f5de0284784cc07697968a7e92eb19f419e
  PokemonsListScene: 876aee3daf0f2c9313163f60322a3f2a87eb5ab4
  Routing: 7426d8c424ba3e05c5b6554ab934a78f8a252e71
  RxCocoa: 32065309a38d29b5b0db858819b5bf9ef038b601
  RxDataSources: efee07fa4de48477eca0a4611e6d11e2da9c1114
  RxFeedback: 4260d8dad5bba28b182c0b9ff5bce68c260de183
  RxRelay: d77f7d771495f43c556cbc43eebd1bb54d01e8e9
  RxSwift: 1e2e1f9570186967f617e49128ed26ccf1bafc8e
  RxSwiftExt: 4ca80336f43c28f11a2825cdd2fc61dd6c044697
  RxViewController: 7330a46e5c31cd680db169da4c9fc8676e975a81
  ScenesCoordinator: ed009fdff88045bb299d11a0b6967a5f8691e9af
  Services: 60c69e52d19281d91373d2bc036c3ef2767049b5
  SnapKit: 97b92857e3df3a0c71833cce143274bf6ef8e5eb
  Swinject: ddf78b8486dd9b71a667b852cad919ab4484478e
  UseCases: 82385700ebc7ce3a45cc26fd23c9d396b628d087

PODFILE CHECKSUM: 5fdcd65cce2b548fb6a4c3d99fc5f53e216b30da

COCOAPODS: 1.10.1
