// !$*UTF8*$!
{
	archiveVersion = 1;
	classes = {
	};
	objectVersion = 50;
	objects = {

/* Begin PBXBuildFile section */
		5373E7F825FF60630099D23F /* AppDelegate.swift in Sources */ = {isa = PBXBuildFile; fileRef = 5373E7F725FF60630099D23F /* AppDelegate.swift */; };
		5373E7FA25FF60630099D23F /* SceneDelegate.swift in Sources */ = {isa = PBXBuildFile; fileRef = 5373E7F925FF60630099D23F /* SceneDelegate.swift */; };
		5373E80225FF60630099D23F /* EducationalProject.xcdatamodeld in Sources */ = {isa = PBXBuildFile; fileRef = 5373E80025FF60630099D23F /* EducationalProject.xcdatamodeld */; };
		5373E80425FF60640099D23F /* Assets.xcassets in Resources */ = {isa = PBXBuildFile; fileRef = 5373E80325FF60640099D23F /* Assets.xcassets */; };
		5373E80725FF60640099D23F /* LaunchScreen.storyboard in Resources */ = {isa = PBXBuildFile; fileRef = 5373E80525FF60640099D23F /* LaunchScreen.storyboard */; };
		D348782A74A9960F67B60297 /* Pods_EducationalProject.framework in Frameworks */ = {isa = PBXBuildFile; fileRef = 914CA5292A270517146EC5A9 /* Pods_EducationalProject.framework */; };
/* End PBXBuildFile section */

/* Begin PBXCopyFilesBuildPhase section */
		5373E9752600B29F0099D23F /* Embed Frameworks */ = {
			isa = PBXCopyFilesBuildPhase;
			buildActionMask = 2147483647;
			dstPath = "";
			dstSubfolderSpec = 10;
			files = (
			);
			name = "Embed Frameworks";
			runOnlyForDeploymentPostprocessing = 0;
		};
/* End PBXCopyFilesBuildPhase section */

/* Begin PBXFileReference section */
		530389A02600FA6D00003493 /* UseCaseProvider.swift */ = {isa = PBXFileReference; lastKnownFileType = sourcecode.swift; path = UseCaseProvider.swift; sourceTree = "<group>"; };
		530389BA260100BB00003493 /* PokeCardsUseCase.swift */ = {isa = PBXFileReference; lastKnownFileType = sourcecode.swift; path = PokeCardsUseCase.swift; sourceTree = "<group>"; };
		53038B022601E9F000003493 /* Container+Helper.swift */ = {isa = PBXFileReference; lastKnownFileType = sourcecode.swift; path = "Container+Helper.swift"; sourceTree = "<group>"; };
		5373E7F425FF60630099D23F /* EducationalProject.app */ = {isa = PBXFileReference; explicitFileType = wrapper.application; includeInIndex = 0; path = EducationalProject.app; sourceTree = BUILT_PRODUCTS_DIR; };
		5373E7F725FF60630099D23F /* AppDelegate.swift */ = {isa = PBXFileReference; lastKnownFileType = sourcecode.swift; path = AppDelegate.swift; sourceTree = "<group>"; };
		5373E7F925FF60630099D23F /* SceneDelegate.swift */ = {isa = PBXFileReference; lastKnownFileType = sourcecode.swift; path = SceneDelegate.swift; sourceTree = "<group>"; };
		5373E80125FF60630099D23F /* EducationalProject.xcdatamodel */ = {isa = PBXFileReference; lastKnownFileType = wrapper.xcdatamodel; path = EducationalProject.xcdatamodel; sourceTree = "<group>"; };
		5373E80325FF60640099D23F /* Assets.xcassets */ = {isa = PBXFileReference; lastKnownFileType = folder.assetcatalog; path = Assets.xcassets; sourceTree = "<group>"; };
		5373E80625FF60640099D23F /* Base */ = {isa = PBXFileReference; lastKnownFileType = file.storyboard; name = Base; path = Base.lproj/LaunchScreen.storyboard; sourceTree = "<group>"; };
		5373E80825FF60640099D23F /* Info.plist */ = {isa = PBXFileReference; lastKnownFileType = text.plist.xml; path = Info.plist; sourceTree = "<group>"; };
		5373E84A25FF89050099D23F /* Domain.h */ = {isa = PBXFileReference; lastKnownFileType = sourcecode.c.h; path = Domain.h; sourceTree = "<group>"; };
		5373E84B25FF89050099D23F /* Info.plist */ = {isa = PBXFileReference; lastKnownFileType = text.plist.xml; path = Info.plist; sourceTree = "<group>"; };
		6EECD3F0F528228653C48492 /* Pods-EducationalProject.debug.xcconfig */ = {isa = PBXFileReference; includeInIndex = 1; lastKnownFileType = text.xcconfig; name = "Pods-EducationalProject.debug.xcconfig"; path = "Target Support Files/Pods-EducationalProject/Pods-EducationalProject.debug.xcconfig"; sourceTree = "<group>"; };
		914CA5292A270517146EC5A9 /* Pods_EducationalProject.framework */ = {isa = PBXFileReference; explicitFileType = wrapper.framework; includeInIndex = 0; path = Pods_EducationalProject.framework; sourceTree = BUILT_PRODUCTS_DIR; };
		BC3110B292043CD2FBAF2754 /* Pods-EducationalProject.release.xcconfig */ = {isa = PBXFileReference; includeInIndex = 1; lastKnownFileType = text.xcconfig; name = "Pods-EducationalProject.release.xcconfig"; path = "Target Support Files/Pods-EducationalProject/Pods-EducationalProject.release.xcconfig"; sourceTree = "<group>"; };
/* End PBXFileReference section */

/* Begin PBXFrameworksBuildPhase section */
		5373E7F125FF60630099D23F /* Frameworks */ = {
			isa = PBXFrameworksBuildPhase;
			buildActionMask = 2147483647;
			files = (
				D348782A74A9960F67B60297 /* Pods_EducationalProject.framework in Frameworks */,
			);
			runOnlyForDeploymentPostprocessing = 0;
		};
/* End PBXFrameworksBuildPhase section */

/* Begin PBXGroup section */
		1C8EBAEB0AA5F4F7BD7481F4 /* Pods */ = {
			isa = PBXGroup;
			children = (
				6EECD3F0F528228653C48492 /* Pods-EducationalProject.debug.xcconfig */,
				BC3110B292043CD2FBAF2754 /* Pods-EducationalProject.release.xcconfig */,
			);
			path = Pods;
			sourceTree = "<group>";
		};
		530389912600F56500003493 /* Application */ = {
			isa = PBXGroup;
			children = (
				5373E7F725FF60630099D23F /* AppDelegate.swift */,
				5373E7F925FF60630099D23F /* SceneDelegate.swift */,
			);
			path = Application;
			sourceTree = "<group>";
		};
		530389982600F68100003493 /* UseCases */ = {
			isa = PBXGroup;
			children = (
				530389992600F68800003493 /* UseCaseProvider */,
				530389BA260100BB00003493 /* PokeCardsUseCase.swift */,
			);
			path = UseCases;
			sourceTree = "<group>";
		};
		530389992600F68800003493 /* UseCaseProvider */ = {
			isa = PBXGroup;
			children = (
				530389A02600FA6D00003493 /* UseCaseProvider.swift */,
			);
			path = UseCaseProvider;
			sourceTree = "<group>";
		};
		5303899D2600F8FB00003493 /* Resources */ = {
			isa = PBXGroup;
			children = (
				5373E80325FF60640099D23F /* Assets.xcassets */,
				5373BFEE2608C54E00D6CF9B /* LaunchScreen */,
			);
			path = Resources;
			sourceTree = "<group>";
		};
		53038B002601E9CB00003493 /* Common */ = {
			isa = PBXGroup;
			children = (
				53038B012601E9D200003493 /* Extensions */,
			);
			path = Common;
			sourceTree = "<group>";
		};
		53038B012601E9D200003493 /* Extensions */ = {
			isa = PBXGroup;
			children = (
				53038B022601E9F000003493 /* Container+Helper.swift */,
			);
			path = Extensions;
			sourceTree = "<group>";
		};
		5373BFEE2608C54E00D6CF9B /* LaunchScreen */ = {
			isa = PBXGroup;
			children = (
				5373E80525FF60640099D23F /* LaunchScreen.storyboard */,
			);
			path = LaunchScreen;
			sourceTree = "<group>";
		};
		5373E7EB25FF60630099D23F = {
			isa = PBXGroup;
			children = (
				5373E7F625FF60630099D23F /* EducationalProject */,
				5373E84925FF89050099D23F /* Domain */,
				5373E7F525FF60630099D23F /* Products */,
				1C8EBAEB0AA5F4F7BD7481F4 /* Pods */,
				EEC1B292848595C0DEA1D87F /* Frameworks */,
			);
			sourceTree = "<group>";
		};
		5373E7F525FF60630099D23F /* Products */ = {
			isa = PBXGroup;
			children = (
				5373E7F425FF60630099D23F /* EducationalProject.app */,
			);
			name = Products;
			sourceTree = "<group>";
		};
		5373E7F625FF60630099D23F /* EducationalProject */ = {
			isa = PBXGroup;
			children = (
				530389912600F56500003493 /* Application */,
				5303899D2600F8FB00003493 /* Resources */,
				5373E80825FF60640099D23F /* Info.plist */,
				5373E80025FF60630099D23F /* EducationalProject.xcdatamodeld */,
			);
			path = EducationalProject;
			sourceTree = "<group>";
		};
		5373E84925FF89050099D23F /* Domain */ = {
			isa = PBXGroup;
			children = (
				53038B002601E9CB00003493 /* Common */,
				530389982600F68100003493 /* UseCases */,
				5373E84A25FF89050099D23F /* Domain.h */,
				5373E84B25FF89050099D23F /* Info.plist */,
			);
			path = Domain;
			sourceTree = "<group>";
		};
		EEC1B292848595C0DEA1D87F /* Frameworks */ = {
			isa = PBXGroup;
			children = (
				914CA5292A270517146EC5A9 /* Pods_EducationalProject.framework */,
			);
			name = Frameworks;
			sourceTree = "<group>";
		};
/* End PBXGroup section */

/* Begin PBXNativeTarget section */
		5373E7F325FF60630099D23F /* EducationalProject */ = {
			isa = PBXNativeTarget;
			buildConfigurationList = 5373E80B25FF60640099D23F /* Build configuration list for PBXNativeTarget "EducationalProject" */;
			buildPhases = (
				97C87B77C7714ABEE0FFA1F2 /* [CP] Check Pods Manifest.lock */,
				5373E7F025FF60630099D23F /* Sources */,
				5373E7F125FF60630099D23F /* Frameworks */,
				5373E7F225FF60630099D23F /* Resources */,
				5373E9752600B29F0099D23F /* Embed Frameworks */,
				F7061009805975E69000388E /* [CP] Embed Pods Frameworks */,
			);
			buildRules = (
			);
			dependencies = (
			);
			name = EducationalProject;
			productName = EducationalProject;
			productReference = 5373E7F425FF60630099D23F /* EducationalProject.app */;
			productType = "com.apple.product-type.application";
		};
/* End PBXNativeTarget section */

/* Begin PBXProject section */
		5373E7EC25FF60630099D23F /* Project object */ = {
			isa = PBXProject;
			attributes = {
				LastSwiftUpdateCheck = 1240;
				LastUpgradeCheck = 1240;
				TargetAttributes = {
					5373E7F325FF60630099D23F = {
						CreatedOnToolsVersion = 12.4;
					};
				};
			};
			buildConfigurationList = 5373E7EF25FF60630099D23F /* Build configuration list for PBXProject "EducationalProject" */;
			compatibilityVersion = "Xcode 9.3";
			developmentRegion = en;
			hasScannedForEncodings = 0;
			knownRegions = (
				en,
				Base,
			);
			mainGroup = 5373E7EB25FF60630099D23F;
			productRefGroup = 5373E7F525FF60630099D23F /* Products */;
			projectDirPath = "";
			projectRoot = "";
			targets = (
				5373E7F325FF60630099D23F /* EducationalProject */,
			);
		};
/* End PBXProject section */

/* Begin PBXResourcesBuildPhase section */
		5373E7F225FF60630099D23F /* Resources */ = {
			isa = PBXResourcesBuildPhase;
			buildActionMask = 2147483647;
			files = (
				5373E80725FF60640099D23F /* LaunchScreen.storyboard in Resources */,
				5373E80425FF60640099D23F /* Assets.xcassets in Resources */,
			);
			runOnlyForDeploymentPostprocessing = 0;
		};
/* End PBXResourcesBuildPhase section */

/* Begin PBXShellScriptBuildPhase section */
		97C87B77C7714ABEE0FFA1F2 /* [CP] Check Pods Manifest.lock */ = {
			isa = PBXShellScriptBuildPhase;
			buildActionMask = 2147483647;
			files = (
			);
			inputFileListPaths = (
			);
			inputPaths = (
				"${PODS_PODFILE_DIR_PATH}/Podfile.lock",
				"${PODS_ROOT}/Manifest.lock",
			);
			name = "[CP] Check Pods Manifest.lock";
			outputFileListPaths = (
			);
			outputPaths = (
				"$(DERIVED_FILE_DIR)/Pods-EducationalProject-checkManifestLockResult.txt",
			);
			runOnlyForDeploymentPostprocessing = 0;
			shellPath = /bin/sh;
			shellScript = "diff \"${PODS_PODFILE_DIR_PATH}/Podfile.lock\" \"${PODS_ROOT}/Manifest.lock\" > /dev/null\nif [ $? != 0 ] ; then\n    # print error to STDERR\n    echo \"error: The sandbox is not in sync with the Podfile.lock. Run 'pod install' or update your CocoaPods installation.\" >&2\n    exit 1\nfi\n# This output is used by Xcode 'outputs' to avoid re-running this script phase.\necho \"SUCCESS\" > \"${SCRIPT_OUTPUT_FILE_0}\"\n";
			showEnvVarsInLog = 0;
		};
		F7061009805975E69000388E /* [CP] Embed Pods Frameworks */ = {
			isa = PBXShellScriptBuildPhase;
			buildActionMask = 2147483647;
			files = (
			);
			inputFileListPaths = (
			);
			name = "[CP] Embed Pods Frameworks";
			outputFileListPaths = (
			);
			runOnlyForDeploymentPostprocessing = 0;
			shellPath = /bin/sh;
			shellScript = "\"${PODS_ROOT}/Target Support Files/Pods-EducationalProject/Pods-EducationalProject-frameworks.sh\"\n";
			showEnvVarsInLog = 0;
		};
/* End PBXShellScriptBuildPhase section */

/* Begin PBXSourcesBuildPhase section */
		5373E7F025FF60630099D23F /* Sources */ = {
			isa = PBXSourcesBuildPhase;
			buildActionMask = 2147483647;
			files = (
				5373E7F825FF60630099D23F /* AppDelegate.swift in Sources */,
				5373E7FA25FF60630099D23F /* SceneDelegate.swift in Sources */,
				5373E80225FF60630099D23F /* EducationalProject.xcdatamodeld in Sources */,
			);
			runOnlyForDeploymentPostprocessing = 0;
		};
/* End PBXSourcesBuildPhase section */

/* Begin PBXVariantGroup section */
		5373E80525FF60640099D23F /* LaunchScreen.storyboard */ = {
			isa = PBXVariantGroup;
			children = (
				5373E80625FF60640099D23F /* Base */,
			);
			name = LaunchScreen.storyboard;
			sourceTree = "<group>";
		};
/* End PBXVariantGroup section */

/* Begin XCBuildConfiguration section */
		5373E80925FF60640099D23F /* Debug */ = {
			isa = XCBuildConfiguration;
			buildSettings = {
				ALWAYS_SEARCH_USER_PATHS = NO;
				CLANG_ANALYZER_NONNULL = YES;
				CLANG_ANALYZER_NUMBER_OBJECT_CONVERSION = YES_AGGRESSIVE;
				CLANG_CXX_LANGUAGE_STANDARD = "gnu++14";
				CLANG_CXX_LIBRARY = "libc++";
				CLANG_ENABLE_MODULES = YES;
				CLANG_ENABLE_OBJC_ARC = YES;
				CLANG_ENABLE_OBJC_WEAK = YES;
				CLANG_WARN_BLOCK_CAPTURE_AUTORELEASING = YES;
				CLANG_WARN_BOOL_CONVERSION = YES;
				CLANG_WARN_COMMA = YES;
				CLANG_WARN_CONSTANT_CONVERSION = YES;
				CLANG_WARN_DEPRECATED_OBJC_IMPLEMENTATIONS = YES;
				CLANG_WARN_DIRECT_OBJC_ISA_USAGE = YES_ERROR;
				CLANG_WARN_DOCUMENTATION_COMMENTS = YES;
				CLANG_WARN_EMPTY_BODY = YES;
				CLANG_WARN_ENUM_CONVERSION = YES;
				CLANG_WARN_INFINITE_RECURSION = YES;
				CLANG_WARN_INT_CONVERSION = YES;
				CLANG_WARN_NON_LITERAL_NULL_CONVERSION = YES;
				CLANG_WARN_OBJC_IMPLICIT_RETAIN_SELF = YES;
				CLANG_WARN_OBJC_LITERAL_CONVERSION = YES;
				CLANG_WARN_OBJC_ROOT_CLASS = YES_ERROR;
				CLANG_WARN_QUOTED_INCLUDE_IN_FRAMEWORK_HEADER = YES;
				CLANG_WARN_RANGE_LOOP_ANALYSIS = YES;
				CLANG_WARN_STRICT_PROTOTYPES = YES;
				CLANG_WARN_SUSPICIOUS_MOVE = YES;
				CLANG_WARN_UNGUARDED_AVAILABILITY = YES_AGGRESSIVE;
				CLANG_WARN_UNREACHABLE_CODE = YES;
				CLANG_WARN__DUPLICATE_METHOD_MATCH = YES;
				COPY_PHASE_STRIP = NO;
				DEBUG_INFORMATION_FORMAT = dwarf;
				ENABLE_STRICT_OBJC_MSGSEND = YES;
				ENABLE_TESTABILITY = YES;
				GCC_C_LANGUAGE_STANDARD = gnu11;
				GCC_DYNAMIC_NO_PIC = NO;
				GCC_NO_COMMON_BLOCKS = YES;
				GCC_OPTIMIZATION_LEVEL = 0;
				GCC_PREPROCESSOR_DEFINITIONS = (
					"DEBUG=1",
					"$(inherited)",
				);
				GCC_WARN_64_TO_32_BIT_CONVERSION = YES;
				GCC_WARN_ABOUT_RETURN_TYPE = YES_ERROR;
				GCC_WARN_UNDECLARED_SELECTOR = YES;
				GCC_WARN_UNINITIALIZED_AUTOS = YES_AGGRESSIVE;
				GCC_WARN_UNUSED_FUNCTION = YES;
				GCC_WARN_UNUSED_VARIABLE = YES;
				IPHONEOS_DEPLOYMENT_TARGET = 13.0;
				MTL_ENABLE_DEBUG_INFO = INCLUDE_SOURCE;
				MTL_FAST_MATH = YES;
				ONLY_ACTIVE_ARCH = YES;
				SDKROOT = iphoneos;
				SWIFT_ACTIVE_COMPILATION_CONDITIONS = DEBUG;
				SWIFT_OPTIMIZATION_LEVEL = "-Onone";
			};
			name = Debug;
		};
		5373E80A25FF60640099D23F /* Release */ = {
			isa = XCBuildConfiguration;
			buildSettings = {
				ALWAYS_SEARCH_USER_PATHS = NO;
				CLANG_ANALYZER_NONNULL = YES;
				CLANG_ANALYZER_NUMBER_OBJECT_CONVERSION = YES_AGGRESSIVE;
				CLANG_CXX_LANGUAGE_STANDARD = "gnu++14";
				CLANG_CXX_LIBRARY = "libc++";
				CLANG_ENABLE_MODULES = YES;
				CLANG_ENABLE_OBJC_ARC = YES;
				CLANG_ENABLE_OBJC_WEAK = YES;
				CLANG_WARN_BLOCK_CAPTURE_AUTORELEASING = YES;
				CLANG_WARN_BOOL_CONVERSION = YES;
				CLANG_WARN_COMMA = YES;
				CLANG_WARN_CONSTANT_CONVERSION = YES;
				CLANG_WARN_DEPRECATED_OBJC_IMPLEMENTATIONS = YES;
				CLANG_WARN_DIRECT_OBJC_ISA_USAGE = YES_ERROR;
				CLANG_WARN_DOCUMENTATION_COMMENTS = YES;
				CLANG_WARN_EMPTY_BODY = YES;
				CLANG_WARN_ENUM_CONVERSION = YES;
				CLANG_WARN_INFINITE_RECURSION = YES;
				CLANG_WARN_INT_CONVERSION = YES;
				CLANG_WARN_NON_LITERAL_NULL_CONVERSION = YES;
				CLANG_WARN_OBJC_IMPLICIT_RETAIN_SELF = YES;
				CLANG_WARN_OBJC_LITERAL_CONVERSION = YES;
				CLANG_WARN_OBJC_ROOT_CLASS = YES_ERROR;
				CLANG_WARN_QUOTED_INCLUDE_IN_FRAMEWORK_HEADER = YES;
				CLANG_WARN_RANGE_LOOP_ANALYSIS = YES;
				CLANG_WARN_STRICT_PROTOTYPES = YES;
				CLANG_WARN_SUSPICIOUS_MOVE = YES;
				CLANG_WARN_UNGUARDED_AVAILABILITY = YES_AGGRESSIVE;
				CLANG_WARN_UNREACHABLE_CODE = YES;
				CLANG_WARN__DUPLICATE_METHOD_MATCH = YES;
				COPY_PHASE_STRIP = NO;
				DEBUG_INFORMATION_FORMAT = "dwarf-with-dsym";
				ENABLE_NS_ASSERTIONS = NO;
				ENABLE_STRICT_OBJC_MSGSEND = YES;
				GCC_C_LANGUAGE_STANDARD = gnu11;
				GCC_NO_COMMON_BLOCKS = YES;
				GCC_WARN_64_TO_32_BIT_CONVERSION = YES;
				GCC_WARN_ABOUT_RETURN_TYPE = YES_ERROR;
				GCC_WARN_UNDECLARED_SELECTOR = YES;
				GCC_WARN_UNINITIALIZED_AUTOS = YES_AGGRESSIVE;
				GCC_WARN_UNUSED_FUNCTION = YES;
				GCC_WARN_UNUSED_VARIABLE = YES;
				IPHONEOS_DEPLOYMENT_TARGET = 13.0;
				MTL_ENABLE_DEBUG_INFO = NO;
				MTL_FAST_MATH = YES;
				SDKROOT = iphoneos;
				SWIFT_COMPILATION_MODE = wholemodule;
				SWIFT_OPTIMIZATION_LEVEL = "-O";
				VALIDATE_PRODUCT = YES;
			};
			name = Release;
		};
		5373E80C25FF60640099D23F /* Debug */ = {
			isa = XCBuildConfiguration;
			baseConfigurationReference = 6EECD3F0F528228653C48492 /* Pods-EducationalProject.debug.xcconfig */;
			buildSettings = {
				ASSETCATALOG_COMPILER_APPICON_NAME = AppIcon;
				ASSETCATALOG_COMPILER_GLOBAL_ACCENT_COLOR_NAME = AccentColor;
				CODE_SIGN_STYLE = Automatic;
				DEVELOPMENT_TEAM = 3J3JBKX646;
				INFOPLIST_FILE = EducationalProject/Info.plist;
				LD_RUNPATH_SEARCH_PATHS = (
					"$(inherited)",
					"@executable_path/Frameworks",
				);
				PRODUCT_BUNDLE_IDENTIFIER = AG.EducationalProject;
				PRODUCT_NAME = "$(TARGET_NAME)";
				SWIFT_VERSION = 5.0;
				TARGETED_DEVICE_FAMILY = "1,2";
			};
			name = Debug;
		};
		5373E80D25FF60640099D23F /* Release */ = {
			isa = XCBuildConfiguration;
			baseConfigurationReference = BC3110B292043CD2FBAF2754 /* Pods-EducationalProject.release.xcconfig */;
			buildSettings = {
				ASSETCATALOG_COMPILER_APPICON_NAME = AppIcon;
				ASSETCATALOG_COMPILER_GLOBAL_ACCENT_COLOR_NAME = AccentColor;
				CODE_SIGN_STYLE = Automatic;
				DEVELOPMENT_TEAM = 3J3JBKX646;
				INFOPLIST_FILE = EducationalProject/Info.plist;
				LD_RUNPATH_SEARCH_PATHS = (
					"$(inherited)",
					"@executable_path/Frameworks",
				);
				PRODUCT_BUNDLE_IDENTIFIER = AG.EducationalProject;
				PRODUCT_NAME = "$(TARGET_NAME)";
				SWIFT_VERSION = 5.0;
				TARGETED_DEVICE_FAMILY = "1,2";
			};
			name = Release;
		};
/* End XCBuildConfiguration section */

/* Begin XCConfigurationList section */
		5373E7EF25FF60630099D23F /* Build configuration list for PBXProject "EducationalProject" */ = {
			isa = XCConfigurationList;
			buildConfigurations = (
				5373E80925FF60640099D23F /* Debug */,
				5373E80A25FF60640099D23F /* Release */,
			);
			defaultConfigurationIsVisible = 0;
			defaultConfigurationName = Release;
		};
		5373E80B25FF60640099D23F /* Build configuration list for PBXNativeTarget "EducationalProject" */ = {
			isa = XCConfigurationList;
			buildConfigurations = (
				5373E80C25FF60640099D23F /* Debug */,
				5373E80D25FF60640099D23F /* Release */,
			);
			defaultConfigurationIsVisible = 0;
			defaultConfigurationName = Release;
		};
/* End XCConfigurationList section */

/* Begin XCVersionGroup section */
		5373E80025FF60630099D23F /* EducationalProject.xcdatamodeld */ = {
			isa = XCVersionGroup;
			children = (
				5373E80125FF60630099D23F /* EducationalProject.xcdatamodel */,
			);
			currentVersion = 5373E80125FF60630099D23F /* EducationalProject.xcdatamodel */;
			path = EducationalProject.xcdatamodeld;
			sourceTree = "<group>";
			versionGroupType = wrapper.xcdatamodel;
		};
/* End XCVersionGroup section */
	};
	rootObject = 5373E7EC25FF60630099D23F /* Project object */;
}
